// !$*UTF8*$!
{
	archiveVersion = 1;
	classes = {
	};
	objectVersion = 48;
	objects = {

/* Begin PBXBuildFile section */
		6F162E4520322599009AE195 /* Input.swift in Sources */ = {isa = PBXBuildFile; fileRef = 6F162E4420322599009AE195 /* Input.swift */; };
		6F4752202011A0DA00F358F2 /* Game.swift in Sources */ = {isa = PBXBuildFile; fileRef = 6F47521F2011A0DA00F358F2 /* Game.swift */; };
		6F4752272011A1E300F358F2 /* Character.swift in Sources */ = {isa = PBXBuildFile; fileRef = 6F4752262011A1E300F358F2 /* Character.swift */; };
		6F4752292011A27A00F358F2 /* Fighter.swift in Sources */ = {isa = PBXBuildFile; fileRef = 6F4752282011A27A00F358F2 /* Fighter.swift */; };
		6F47522B2011A2A100F358F2 /* Magus.swift in Sources */ = {isa = PBXBuildFile; fileRef = 6F47522A2011A2A100F358F2 /* Magus.swift */; };
		6F47522D2011A2AB00F358F2 /* Colossus.swift in Sources */ = {isa = PBXBuildFile; fileRef = 6F47522C2011A2AB00F358F2 /* Colossus.swift */; };
		6F47522F2011A2B500F358F2 /* Dwarf.swift in Sources */ = {isa = PBXBuildFile; fileRef = 6F47522E2011A2B500F358F2 /* Dwarf.swift */; };
		6F5AFD24201DA21F00F00D7D /* Team.swift in Sources */ = {isa = PBXBuildFile; fileRef = 6F5AFD23201DA21F00F00D7D /* Team.swift */; };
		6F5AFD26201DA4F800F00D7D /* main.swift in Sources */ = {isa = PBXBuildFile; fileRef = 6F5AFD25201DA4F800F00D7D /* main.swift */; };
		6F5AFD28201FA05F00F00D7D /* Weapon.swift in Sources */ = {isa = PBXBuildFile; fileRef = 6F5AFD27201FA05F00F00D7D /* Weapon.swift */; };
		6F5AFECD204E76DB00433A81 /* Superdamage.swift in Sources */ = {isa = PBXBuildFile; fileRef = 6F5AFECC204E76DB00433A81 /* Superdamage.swift */; };
		6F5AFECF204E76E700433A81 /* Superheal.swift in Sources */ = {isa = PBXBuildFile; fileRef = 6F5AFECE204E76E700433A81 /* Superheal.swift */; };
		6FA99A5E2062D88600CC1689 /* NameService.swift in Sources */ = {isa = PBXBuildFile; fileRef = 6FA99A5D2062D88600CC1689 /* NameService.swift */; };
		6FBD53D62028DC0400FD076F /* Sword.swift in Sources */ = {isa = PBXBuildFile; fileRef = 6FBD53D52028DC0400FD076F /* Sword.swift */; };
		6FBD53D82028DD0A00FD076F /* Axe.swift in Sources */ = {isa = PBXBuildFile; fileRef = 6FBD53D72028DD0A00FD076F /* Axe.swift */; };
		6FBD53DA2028DD8400FD076F /* Magicwand.swift in Sources */ = {isa = PBXBuildFile; fileRef = 6FBD53D92028DD8400FD076F /* Magicwand.swift */; };
		6FBD53DD202C173B00FD076F /* Shield.swift in Sources */ = {isa = PBXBuildFile; fileRef = 6FBD53DC202C173B00FD076F /* Shield.swift */; };
/* End PBXBuildFile section */

/* Begin PBXCopyFilesBuildPhase section */
		6F47521A2011A0DA00F358F2 /* CopyFiles */ = {
			isa = PBXCopyFilesBuildPhase;
			buildActionMask = 2147483647;
			dstPath = /usr/share/man/man1/;
			dstSubfolderSpec = 0;
			files = (
			);
			runOnlyForDeploymentPostprocessing = 1;
		};
/* End PBXCopyFilesBuildPhase section */

/* Begin PBXFileReference section */
		6F162E4420322599009AE195 /* Input.swift */ = {isa = PBXFileReference; lastKnownFileType = sourcecode.swift; path = Input.swift; sourceTree = "<group>"; };
		6F47521C2011A0DA00F358F2 /* Projet 3 */ = {isa = PBXFileReference; explicitFileType = "compiled.mach-o.executable"; includeInIndex = 0; path = "Projet 3"; sourceTree = BUILT_PRODUCTS_DIR; };
		6F47521F2011A0DA00F358F2 /* Game.swift */ = {isa = PBXFileReference; lastKnownFileType = sourcecode.swift; path = Game.swift; sourceTree = "<group>"; };
		6F4752262011A1E300F358F2 /* Character.swift */ = {isa = PBXFileReference; lastKnownFileType = sourcecode.swift; path = Character.swift; sourceTree = "<group>"; };
		6F4752282011A27A00F358F2 /* Fighter.swift */ = {isa = PBXFileReference; lastKnownFileType = sourcecode.swift; path = Fighter.swift; sourceTree = "<group>"; };
		6F47522A2011A2A100F358F2 /* Magus.swift */ = {isa = PBXFileReference; lastKnownFileType = sourcecode.swift; path = Magus.swift; sourceTree = "<group>"; };
		6F47522C2011A2AB00F358F2 /* Colossus.swift */ = {isa = PBXFileReference; lastKnownFileType = sourcecode.swift; path = Colossus.swift; sourceTree = "<group>"; };
		6F47522E2011A2B500F358F2 /* Dwarf.swift */ = {isa = PBXFileReference; lastKnownFileType = sourcecode.swift; path = Dwarf.swift; sourceTree = "<group>"; };
		6F5AFD23201DA21F00F00D7D /* Team.swift */ = {isa = PBXFileReference; lastKnownFileType = sourcecode.swift; path = Team.swift; sourceTree = "<group>"; };
		6F5AFD25201DA4F800F00D7D /* main.swift */ = {isa = PBXFileReference; lastKnownFileType = sourcecode.swift; path = main.swift; sourceTree = "<group>"; };
		6F5AFD27201FA05F00F00D7D /* Weapon.swift */ = {isa = PBXFileReference; lastKnownFileType = sourcecode.swift; path = Weapon.swift; sourceTree = "<group>"; };
		6F5AFECC204E76DB00433A81 /* Superdamage.swift */ = {isa = PBXFileReference; lastKnownFileType = sourcecode.swift; path = Superdamage.swift; sourceTree = "<group>"; };
		6F5AFECE204E76E700433A81 /* Superheal.swift */ = {isa = PBXFileReference; lastKnownFileType = sourcecode.swift; path = Superheal.swift; sourceTree = "<group>"; };
		6FA99A5D2062D88600CC1689 /* NameService.swift */ = {isa = PBXFileReference; lastKnownFileType = sourcecode.swift; path = NameService.swift; sourceTree = "<group>"; };
		6FBD53D52028DC0400FD076F /* Sword.swift */ = {isa = PBXFileReference; lastKnownFileType = sourcecode.swift; path = Sword.swift; sourceTree = "<group>"; };
		6FBD53D72028DD0A00FD076F /* Axe.swift */ = {isa = PBXFileReference; lastKnownFileType = sourcecode.swift; path = Axe.swift; sourceTree = "<group>"; };
		6FBD53D92028DD8400FD076F /* Magicwand.swift */ = {isa = PBXFileReference; lastKnownFileType = sourcecode.swift; path = Magicwand.swift; sourceTree = "<group>"; };
		6FBD53DC202C173B00FD076F /* Shield.swift */ = {isa = PBXFileReference; lastKnownFileType = sourcecode.swift; path = Shield.swift; sourceTree = "<group>"; };
/* End PBXFileReference section */

/* Begin PBXFrameworksBuildPhase section */
		6F4752192011A0DA00F358F2 /* Frameworks */ = {
			isa = PBXFrameworksBuildPhase;
			buildActionMask = 2147483647;
			files = (
			);
			runOnlyForDeploymentPostprocessing = 0;
		};
/* End PBXFrameworksBuildPhase section */

/* Begin PBXGroup section */
		6F4752132011A0DA00F358F2 = {
			isa = PBXGroup;
			children = (
				6F47521E2011A0DA00F358F2 /* Project 3 */,
				6F47521D2011A0DA00F358F2 /* Products */,
			);
			sourceTree = "<group>";
		};
		6F47521D2011A0DA00F358F2 /* Products */ = {
			isa = PBXGroup;
			children = (
				6F47521C2011A0DA00F358F2 /* Projet 3 */,
			);
			name = Products;
			sourceTree = "<group>";
		};
		6F47521E2011A0DA00F358F2 /* Project 3 */ = {
			isa = PBXGroup;
			children = (
				6F5AFD25201DA4F800F00D7D /* main.swift */,
				6F47521F2011A0DA00F358F2 /* Game.swift */,
				6F162E4420322599009AE195 /* Input.swift */,
				6F5AFD22201D97BC00F00D7D /* Characters */,
				6FBD53DB2028DE0700FD076F /* Weapons */,
				6F5AFD23201DA21F00F00D7D /* Team.swift */,
				6FA99A5D2062D88600CC1689 /* NameService.swift */,
			);
			path = "Project 3";
			sourceTree = "<group>";
		};
		6F5AFD22201D97BC00F00D7D /* Characters */ = {
			isa = PBXGroup;
			children = (
				6F4752262011A1E300F358F2 /* Character.swift */,
				6F4752282011A27A00F358F2 /* Fighter.swift */,
				6F47522C2011A2AB00F358F2 /* Colossus.swift */,
				6F47522A2011A2A100F358F2 /* Magus.swift */,
				6F47522E2011A2B500F358F2 /* Dwarf.swift */,
			);
			path = Characters;
			sourceTree = "<group>";
		};
		6FBD53DB2028DE0700FD076F /* Weapons */ = {
			isa = PBXGroup;
			children = (
				6F5AFD27201FA05F00F00D7D /* Weapon.swift */,
				6FBD53D52028DC0400FD076F /* Sword.swift */,
				6FBD53D72028DD0A00FD076F /* Axe.swift */,
				6FBD53D92028DD8400FD076F /* Magicwand.swift */,
				6FBD53DC202C173B00FD076F /* Shield.swift */,
				6F5AFECC204E76DB00433A81 /* Superdamage.swift */,
				6F5AFECE204E76E700433A81 /* Superheal.swift */,
			);
			path = Weapons;
			sourceTree = "<group>";
		};
/* End PBXGroup section */

/* Begin PBXNativeTarget section */
		6F47521B2011A0DA00F358F2 /* Projet 3 */ = {
			isa = PBXNativeTarget;
			buildConfigurationList = 6F4752232011A0DA00F358F2 /* Build configuration list for PBXNativeTarget "Projet 3" */;
			buildPhases = (
				6F4752182011A0DA00F358F2 /* Sources */,
				6F4752192011A0DA00F358F2 /* Frameworks */,
				6F47521A2011A0DA00F358F2 /* CopyFiles */,
			);
			buildRules = (
			);
			dependencies = (
			);
			name = "Projet 3";
			productName = "Projet 3";
			productReference = 6F47521C2011A0DA00F358F2 /* Projet 3 */;
			productType = "com.apple.product-type.tool";
		};
/* End PBXNativeTarget section */

/* Begin PBXProject section */
		6F4752142011A0DA00F358F2 /* Project object */ = {
			isa = PBXProject;
			attributes = {
				LastSwiftUpdateCheck = 0910;
				LastUpgradeCheck = 0910;
				ORGANIZATIONNAME = "Anthony KUNG";
				TargetAttributes = {
					6F47521B2011A0DA00F358F2 = {
						CreatedOnToolsVersion = 9.1;
						ProvisioningStyle = Automatic;
					};
				};
			};
			buildConfigurationList = 6F4752172011A0DA00F358F2 /* Build configuration list for PBXProject "Projet 3" */;
			compatibilityVersion = "Xcode 8.0";
			developmentRegion = en;
			hasScannedForEncodings = 0;
			knownRegions = (
				en,
			);
			mainGroup = 6F4752132011A0DA00F358F2;
			productRefGroup = 6F47521D2011A0DA00F358F2 /* Products */;
			projectDirPath = "";
			projectRoot = "";
			targets = (
				6F47521B2011A0DA00F358F2 /* Projet 3 */,
			);
		};
/* End PBXProject section */

/* Begin PBXSourcesBuildPhase section */
		6F4752182011A0DA00F358F2 /* Sources */ = {
			isa = PBXSourcesBuildPhase;
			buildActionMask = 2147483647;
			files = (
				6F162E4520322599009AE195 /* Input.swift in Sources */,
				6F4752292011A27A00F358F2 /* Fighter.swift in Sources */,
				6FBD53DD202C173B00FD076F /* Shield.swift in Sources */,
				6F5AFECF204E76E700433A81 /* Superheal.swift in Sources */,
				6FBD53DA2028DD8400FD076F /* Magicwand.swift in Sources */,
				6F4752202011A0DA00F358F2 /* Game.swift in Sources */,
				6F5AFD26201DA4F800F00D7D /* main.swift in Sources */,
				6F5AFD24201DA21F00F00D7D /* Team.swift in Sources */,
				6F47522D2011A2AB00F358F2 /* Colossus.swift in Sources */,
				6FBD53D62028DC0400FD076F /* Sword.swift in Sources */,
				6FA99A5E2062D88600CC1689 /* NameService.swift in Sources */,
				6F47522F2011A2B500F358F2 /* Dwarf.swift in Sources */,
				6F4752272011A1E300F358F2 /* Character.swift in Sources */,
				6F47522B2011A2A100F358F2 /* Magus.swift in Sources */,
				6F5AFECD204E76DB00433A81 /* Superdamage.swift in Sources */,
				6F5AFD28201FA05F00F00D7D /* Weapon.swift in Sources */,
				6FBD53D82028DD0A00FD076F /* Axe.swift in Sources */,
			);
			runOnlyForDeploymentPostprocessing = 0;
		};
/* End PBXSourcesBuildPhase section */

/* Begin XCBuildConfiguration section */
		6F4752212011A0DA00F358F2 /* Debug */ = {
			isa = XCBuildConfiguration;
			buildSettings = {
				ALWAYS_SEARCH_USER_PATHS = NO;
				CLANG_ANALYZER_NONNULL = YES;
				CLANG_ANALYZER_NUMBER_OBJECT_CONVERSION = YES_AGGRESSIVE;
				CLANG_CXX_LANGUAGE_STANDARD = "gnu++14";
				CLANG_CXX_LIBRARY = "libc++";
				CLANG_ENABLE_MODULES = YES;
				CLANG_ENABLE_OBJC_ARC = YES;
				CLANG_WARN_BLOCK_CAPTURE_AUTORELEASING = YES;
				CLANG_WARN_BOOL_CONVERSION = YES;
				CLANG_WARN_COMMA = YES;
				CLANG_WARN_CONSTANT_CONVERSION = YES;
				CLANG_WARN_DIRECT_OBJC_ISA_USAGE = YES_ERROR;
				CLANG_WARN_DOCUMENTATION_COMMENTS = YES;
				CLANG_WARN_EMPTY_BODY = YES;
				CLANG_WARN_ENUM_CONVERSION = YES;
				CLANG_WARN_INFINITE_RECURSION = YES;
				CLANG_WARN_INT_CONVERSION = YES;
				CLANG_WARN_NON_LITERAL_NULL_CONVERSION = YES;
				CLANG_WARN_OBJC_LITERAL_CONVERSION = YES;
				CLANG_WARN_OBJC_ROOT_CLASS = YES_ERROR;
				CLANG_WARN_RANGE_LOOP_ANALYSIS = YES;
				CLANG_WARN_STRICT_PROTOTYPES = YES;
				CLANG_WARN_SUSPICIOUS_MOVE = YES;
				CLANG_WARN_UNGUARDED_AVAILABILITY = YES_AGGRESSIVE;
				CLANG_WARN_UNREACHABLE_CODE = YES;
				CLANG_WARN__DUPLICATE_METHOD_MATCH = YES;
				CODE_SIGN_IDENTITY = "-";
				COPY_PHASE_STRIP = NO;
				DEBUG_INFORMATION_FORMAT = dwarf;
				ENABLE_STRICT_OBJC_MSGSEND = YES;
				ENABLE_TESTABILITY = YES;
				GCC_C_LANGUAGE_STANDARD = gnu11;
				GCC_DYNAMIC_NO_PIC = NO;
				GCC_NO_COMMON_BLOCKS = YES;
				GCC_OPTIMIZATION_LEVEL = 0;
				GCC_PREPROCESSOR_DEFINITIONS = (
					"DEBUG=1",
					"$(inherited)",
				);
				GCC_WARN_64_TO_32_BIT_CONVERSION = YES;
				GCC_WARN_ABOUT_RETURN_TYPE = YES_ERROR;
				GCC_WARN_UNDECLARED_SELECTOR = YES;
				GCC_WARN_UNINITIALIZED_AUTOS = YES_AGGRESSIVE;
				GCC_WARN_UNUSED_FUNCTION = YES;
				GCC_WARN_UNUSED_VARIABLE = YES;
				MACOSX_DEPLOYMENT_TARGET = 10.13;
				MTL_ENABLE_DEBUG_INFO = YES;
				ONLY_ACTIVE_ARCH = YES;
				SDKROOT = macosx;
				SWIFT_ACTIVE_COMPILATION_CONDITIONS = DEBUG;
				SWIFT_OPTIMIZATION_LEVEL = "-Onone";
			};
			name = Debug;
		};
		6F4752222011A0DA00F358F2 /* Release */ = {
			isa = XCBuildConfiguration;
			buildSettings = {
				ALWAYS_SEARCH_USER_PATHS = NO;
				CLANG_ANALYZER_NONNULL = YES;
				CLANG_ANALYZER_NUMBER_OBJECT_CONVERSION = YES_AGGRESSIVE;
				CLANG_CXX_LANGUAGE_STANDARD = "gnu++14";
				CLANG_CXX_LIBRARY = "libc++";
				CLANG_ENABLE_MODULES = YES;
				CLANG_ENABLE_OBJC_ARC = YES;
				CLANG_WARN_BLOCK_CAPTURE_AUTORELEASING = YES;
				CLANG_WARN_BOOL_CONVERSION = YES;
				CLANG_WARN_COMMA = YES;
				CLANG_WARN_CONSTANT_CONVERSION = YES;
				CLANG_WARN_DIRECT_OBJC_ISA_USAGE = YES_ERROR;
				CLANG_WARN_DOCUMENTATION_COMMENTS = YES;
				CLANG_WARN_EMPTY_BODY = YES;
				CLANG_WARN_ENUM_CONVERSION = YES;
				CLANG_WARN_INFINITE_RECURSION = YES;
				CLANG_WARN_INT_CONVERSION = YES;
				CLANG_WARN_NON_LITERAL_NULL_CONVERSION = YES;
				CLANG_WARN_OBJC_LITERAL_CONVERSION = YES;
				CLANG_WARN_OBJC_ROOT_CLASS = YES_ERROR;
				CLANG_WARN_RANGE_LOOP_ANALYSIS = YES;
				CLANG_WARN_STRICT_PROTOTYPES = YES;
				CLANG_WARN_SUSPICIOUS_MOVE = YES;
				CLANG_WARN_UNGUARDED_AVAILABILITY = YES_AGGRESSIVE;
				CLANG_WARN_UNREACHABLE_CODE = YES;
				CLANG_WARN__DUPLICATE_METHOD_MATCH = YES;
				CODE_SIGN_IDENTITY = "-";
				COPY_PHASE_STRIP = NO;
				DEBUG_INFORMATION_FORMAT = "dwarf-with-dsym";
				ENABLE_NS_ASSERTIONS = NO;
				ENABLE_STRICT_OBJC_MSGSEND = YES;
				GCC_C_LANGUAGE_STANDARD = gnu11;
				GCC_NO_COMMON_BLOCKS = YES;
				GCC_WARN_64_TO_32_BIT_CONVERSION = YES;
				GCC_WARN_ABOUT_RETURN_TYPE = YES_ERROR;
				GCC_WARN_UNDECLARED_SELECTOR = YES;
				GCC_WARN_UNINITIALIZED_AUTOS = YES_AGGRESSIVE;
				GCC_WARN_UNUSED_FUNCTION = YES;
				GCC_WARN_UNUSED_VARIABLE = YES;
				MACOSX_DEPLOYMENT_TARGET = 10.13;
				MTL_ENABLE_DEBUG_INFO = NO;
				SDKROOT = macosx;
				SWIFT_OPTIMIZATION_LEVEL = "-Owholemodule";
			};
			name = Release;
		};
		6F4752242011A0DA00F358F2 /* Debug */ = {
			isa = XCBuildConfiguration;
			buildSettings = {
				CODE_SIGN_STYLE = Automatic;
				PRODUCT_NAME = "$(TARGET_NAME)";
				SWIFT_VERSION = 4.0;
			};
			name = Debug;
		};
		6F4752252011A0DA00F358F2 /* Release */ = {
			isa = XCBuildConfiguration;
			buildSettings = {
				CODE_SIGN_STYLE = Automatic;
				PRODUCT_NAME = "$(TARGET_NAME)";
				SWIFT_VERSION = 4.0;
			};
			name = Release;
		};
/* End XCBuildConfiguration section */

/* Begin XCConfigurationList section */
		6F4752172011A0DA00F358F2 /* Build configuration list for PBXProject "Projet 3" */ = {
			isa = XCConfigurationList;
			buildConfigurations = (
				6F4752212011A0DA00F358F2 /* Debug */,
				6F4752222011A0DA00F358F2 /* Release */,
			);
			defaultConfigurationIsVisible = 0;
			defaultConfigurationName = Release;
		};
		6F4752232011A0DA00F358F2 /* Build configuration list for PBXNativeTarget "Projet 3" */ = {
			isa = XCConfigurationList;
			buildConfigurations = (
				6F4752242011A0DA00F358F2 /* Debug */,
				6F4752252011A0DA00F358F2 /* Release */,
			);
			defaultConfigurationIsVisible = 0;
			defaultConfigurationName = Release;
		};
/* End XCConfigurationList section */
	};
	rootObject = 6F4752142011A0DA00F358F2 /* Project object */;
}
